Microsoft Visual Studio Solution File, Format Version 12.00
# Visual Studio 2012
Project("{FAE04EC0-301F-11D3-BF4B-00C04F79EFBC}") = "UnderCooked", "UnderCooked.csproj", "{6ED1DCDA-4841-4DE9-8C2E-B81279470ACD}"
EndProject
Global
	GlobalSection(SolutionConfigurationPlatforms) = preSolution
	Debug|Any CPU = Debug|Any CPU
	ExportDebug|Any CPU = ExportDebug|Any CPU
	ExportRelease|Any CPU = ExportRelease|Any CPU
	EndGlobalSection
	GlobalSection(ProjectConfigurationPlatforms) = postSolution
		{6ED1DCDA-4841-4DE9-8C2E-B81279470ACD}.Debug|Any CPU.ActiveCfg = Debug|Any CPU
		{6ED1DCDA-4841-4DE9-8C2E-B81279470ACD}.Debug|Any CPU.Build.0 = Debug|Any CPU
		{6ED1DCDA-4841-4DE9-8C2E-B81279470ACD}.ExportDebug|Any CPU.ActiveCfg = ExportDebug|Any CPU
		{6ED1DCDA-4841-4DE9-8C2E-B81279470ACD}.ExportDebug|Any CPU.Build.0 = ExportDebug|Any CPU
		{6ED1DCDA-4841-4DE9-8C2E-B81279470ACD}.ExportRelease|Any CPU.ActiveCfg = ExportRelease|Any CPU
		{6ED1DCDA-4841-4DE9-8C2E-B81279470ACD}.ExportRelease|Any CPU.Build.0 = ExportRelease|Any CPU
	EndGlobalSection
EndGlobal
